lockfileVersion: '9.0'

settings:
  autoInstallPeers: true
  excludeLinksFromLockfile: false

importers:

  .:
    dependencies:
      '@statelyai/inspect':
        specifier: ^0.4.0
        version: 0.4.0(ws@8.19.0)(xstate@5.28.0)
      microsoft-cognitiveservices-speech-sdk:
        specifier: ^1.48.0
        version: 1.48.0
      speechstate:
        specifier: ^2.15.0
        version: 2.15.0(typescript@5.9.3)
      xstate:
        specifier: ^5.28.0
        version: 5.28.0
    devDependencies:
      typescript:
        specifier: ^5.9.3
        version: 5.9.3
      vite:
        specifier: ^8.0.0
        version: 8.0.0

packages:

  '@azure/abort-controller@2.1.2':
    resolution: {integrity: sha512-nBrLsEWm4J2u5LpAPjxADTlq3trDgVZZXHNKabeXZtpq3d3AbN/KGO82R87rdDz5/lYB024rtEf10/q0urNgsA==}
    engines: {node: '>=18.0.0'}

  '@azure/core-auth@1.10.1':
    resolution: {integrity: sha512-ykRMW8PjVAn+RS6ww5cmK9U2CyH9p4Q88YJwvUslfuMmN98w/2rdGRLPqJYObapBCdzBVeDgYWdJnFPFb7qzpg==}
    engines: {node: '>=20.0.0'}

  '@azure/core-util@1.13.1':
    resolution: {integrity: sha512-XPArKLzsvl0Hf0CaGyKHUyVgF7oDnhKoP85Xv6M4StF/1AhfORhZudHtOyf2s+FcbuQ9dPRAjB8J2KvRRMUK2A==}
    engines: {node: '>=20.0.0'}

  '@emnapi/core@1.9.0':
    resolution: {integrity: sha512-0DQ98G9ZQZOxfUcQn1waV2yS8aWdZ6kJMbYCJB3oUBecjWYO1fqJ+a1DRfPF3O5JEkwqwP1A9QEN/9mYm2Yd0w==}

  '@emnapi/runtime@1.9.0':
    resolution: {integrity: sha512-QN75eB0IH2ywSpRpNddCRfQIhmJYBCJ1x5Lb3IscKAL8bMnVAKnRg8dCoXbHzVLLH7P38N2Z3mtulB7W0J0FKw==}

  '@emnapi/wasi-threads@1.2.0':
    resolution: {integrity: sha512-N10dEJNSsUx41Z6pZsXU8FjPjpBEplgH24sfkmITrBED1/U2Esum9F3lfLrMjKHHjmi557zQn7kR9R+XWXu5Rg==}

  '@napi-rs/wasm-runtime@1.1.1':
    resolution: {integrity: sha512-p64ah1M1ld8xjWv3qbvFwHiFVWrq1yFvV4f7w+mzaqiR4IlSgkqhcRdHwsGgomwzBH51sRY4NEowLxnaBjcW/A==}

  '@oxc-project/runtime@0.115.0':
    resolution: {integrity: sha512-Rg8Wlt5dCbXhQnsXPrkOjL1DTSvXLgb2R/KYfnf1/K+R0k6UMLEmbQXPM+kwrWqSmWA2t0B1EtHy2/3zikQpvQ==}
    engines: {node: ^20.19.0 || >=22.12.0}

  '@oxc-project/types@0.115.0':
    resolution: {integrity: sha512-4n91DKnebUS4yjUHl2g3/b2T+IUdCfmoZGhmwsovZCDaJSs+QkVAM+0AqqTxHSsHfeiMuueT75cZaZcT/m0pSw==}

  '@rolldown/binding-android-arm64@1.0.0-rc.9':
    resolution: {integrity: sha512-lcJL0bN5hpgJfSIz/8PIf02irmyL43P+j1pTCfbD1DbLkmGRuFIA4DD3B3ZOvGqG0XiVvRznbKtN0COQVaKUTg==}
    engines: {node: ^20.19.0 || >=22.12.0}
    cpu: [arm64]
    os: [android]

  '@rolldown/binding-darwin-arm64@1.0.0-rc.9':
    resolution: {integrity: sha512-J7Zk3kLYFsLtuH6U+F4pS2sYVzac0qkjcO5QxHS7OS7yZu2LRs+IXo+uvJ/mvpyUljDJ3LROZPoQfgBIpCMhdQ==}
    engines: {node: ^20.19.0 || >=22.12.0}
    cpu: [arm64]
    os: [darwin]

  '@rolldown/binding-darwin-x64@1.0.0-rc.9':
    resolution: {integrity: sha512-iwtmmghy8nhfRGeNAIltcNXzD0QMNaaA5U/NyZc1Ia4bxrzFByNMDoppoC+hl7cDiUq5/1CnFthpT9n+UtfFyg==}
    engines: {node: ^20.19.0 || >=22.12.0}
    cpu: [x64]
    os: [darwin]

  '@rolldown/binding-freebsd-x64@1.0.0-rc.9':
    resolution: {integrity: sha512-DLFYI78SCiZr5VvdEplsVC2Vx53lnA4/Ga5C65iyldMVaErr86aiqCoNBLl92PXPfDtUYjUh+xFFor40ueNs4Q==}
    engines: {node: ^20.19.0 || >=22.12.0}
    cpu: [x64]
    os: [freebsd]

  '@rolldown/binding-linux-arm-gnueabihf@1.0.0-rc.9':
    resolution: {integrity: sha512-CsjTmTwd0Hri6iTw/DRMK7kOZ7FwAkrO4h8YWKoX/kcj833e4coqo2wzIFywtch/8Eb5enQ/lwLM7w6JX1W5RQ==}
    engines: {node: ^20.19.0 || >=22.12.0}
    cpu: [arm]
    os: [linux]

  '@rolldown/binding-linux-arm64-gnu@1.0.0-rc.9':
    resolution: {integrity: sha512-2x9O2JbSPxpxMDhP9Z74mahAStibTlrBMW0520+epJH5sac7/LwZW5Bmg/E6CXuEF53JJFW509uP+lSedaUNxg==}
    engines: {node: ^20.19.0 || >=22.12.0}
    cpu: [arm64]
    os: [linux]
    libc: [glibc]

  '@rolldown/binding-linux-arm64-musl@1.0.0-rc.9':
    resolution: {integrity: sha512-JA1QRW31ogheAIRhIg9tjMfsYbglXXYGNPLdPEYrwFxdbkQCAzvpSCSHCDWNl4hTtrol8WeboCSEpjdZK8qrCg==}
    engines: {node: ^20.19.0 || >=22.12.0}
    cpu: [arm64]
    os: [linux]
    libc: [musl]

  '@rolldown/binding-linux-ppc64-gnu@1.0.0-rc.9':
    resolution: {integrity: sha512-aOKU9dJheda8Kj8Y3w9gnt9QFOO+qKPAl8SWd7JPHP+Cu0EuDAE5wokQubLzIDQWg2myXq2XhTpOVS07qqvT+w==}
    engines: {node: ^20.19.0 || >=22.12.0}
    cpu: [ppc64]
    os: [linux]
    libc: [glibc]

  '@rolldown/binding-linux-s390x-gnu@1.0.0-rc.9':
    resolution: {integrity: sha512-OalO94fqj7IWRn3VdXWty75jC5dk4C197AWEuMhIpvVv2lw9fiPhud0+bW2ctCxb3YoBZor71QHbY+9/WToadA==}
    engines: {node: ^20.19.0 || >=22.12.0}
    cpu: [s390x]
    os: [linux]
    libc: [glibc]

  '@rolldown/binding-linux-x64-gnu@1.0.0-rc.9':
    resolution: {integrity: sha512-cVEl1vZtBsBZna3YMjGXNvnYYrOJ7RzuWvZU0ffvJUexWkukMaDuGhUXn0rjnV0ptzGVkvc+vW9Yqy6h8YX4pg==}
    engines: {node: ^20.19.0 || >=22.12.0}
    cpu: [x64]
    os: [linux]
    libc: [glibc]

  '@rolldown/binding-linux-x64-musl@1.0.0-rc.9':
    resolution: {integrity: sha512-UzYnKCIIc4heAKgI4PZ3dfBGUZefGCJ1TPDuLHoCzgrMYPb5Rv6TLFuYtyM4rWyHM7hymNdsg5ik2C+UD9VDbA==}
    engines: {node: ^20.19.0 || >=22.12.0}
    cpu: [x64]
    os: [linux]
    libc: [musl]

  '@rolldown/binding-openharmony-arm64@1.0.0-rc.9':
    resolution: {integrity: sha512-+6zoiF+RRyf5cdlFQP7nm58mq7+/2PFaY2DNQeD4B87N36JzfF/l9mdBkkmTvSYcYPE8tMh/o3cRlsx1ldLfog==}
    engines: {node: ^20.19.0 || >=22.12.0}
    cpu: [arm64]
    os: [openharmony]

  '@rolldown/binding-wasm32-wasi@1.0.0-rc.9':
    resolution: {integrity: sha512-rgFN6sA/dyebil3YTlL2evvi/M+ivhfnyxec7AccTpRPccno/rPoNlqybEZQBkcbZu8Hy+eqNJCqfBR8P7Pg8g==}
    engines: {node: '>=14.0.0'}
    cpu: [wasm32]

  '@rolldown/binding-win32-arm64-msvc@1.0.0-rc.9':
    resolution: {integrity: sha512-lHVNUG/8nlF1IQk1C0Ci574qKYyty2goMiPlRqkC5R+3LkXDkL5Dhx8ytbxq35m+pkHVIvIxviD+TWLdfeuadA==}
    engines: {node: ^20.19.0 || >=22.12.0}
    cpu: [arm64]
    os: [win32]

  '@rolldown/binding-win32-x64-msvc@1.0.0-rc.9':
    resolution: {integrity: sha512-G0oA4+w1iY5AGi5HcDTxWsoxF509hrFIPB2rduV5aDqS9FtDg1CAfa7V34qImbjfhIcA8C+RekocJZA96EarwQ==}
    engines: {node: ^20.19.0 || >=22.12.0}
    cpu: [x64]
    os: [win32]

  '@rolldown/pluginutils@1.0.0-rc.9':
    resolution: {integrity: sha512-w6oiRWgEBl04QkFZgmW+jnU1EC9b57Oihi2ot3HNWIQRqgHp5PnYDia5iZ5FF7rpa4EQdiqMDXjlqKGXBhsoXw==}

  '@statelyai/inspect@0.4.0':
    resolution: {integrity: sha512-VxQldRlKYcu6rzLY83RSXVwMYexkH6hNx85B89YWYyXYWtNGaWHFCwV7a/Kz8FFPeUz8EKVAnyMOg2kNpn07wQ==}
    peerDependencies:
      xstate: ^5.5.1

  '@tybys/wasm-util@0.10.1':
    resolution: {integrity: sha512-9tTaPJLSiejZKx+Bmog4uSubteqTvFrVrURwkmHixBo0G4seD0zUxp98E1DzUBJxLQ3NPwXrGKDiVjwx/DpPsg==}

  '@types/webrtc@0.0.37':
    resolution: {integrity: sha512-JGAJC/ZZDhcrrmepU4sPLQLIOIAgs5oIK+Ieq90K8fdaNMhfdfqmYatJdgif1NDQtvrSlTOGJDUYHIDunuufOg==}

  '@typespec/ts-http-runtime@0.3.4':
    resolution: {integrity: sha512-CI0NhTrz4EBaa0U+HaaUZrJhPoso8sG7ZFya8uQoBA57fjzrjRSv87ekCjLZOFExN+gXE/z0xuN2QfH4H2HrLQ==}
    engines: {node: '>=20.0.0'}

  agent-base@5.1.1:
    resolution: {integrity: sha512-TMeqbNl2fMW0nMjTEPOwe3J/PRFP4vqeoNuQMG0HlMrtm5QxKqdvAkZ1pRBQ/ulIyDD5Yq0nJ7YbdD8ey0TO3g==}
    engines: {node: '>= 6.0.0'}

  agent-base@6.0.2:
    resolution: {integrity: sha512-RZNwNclF7+MS/8bDg70amg32dyeZGZxiDuQmZxKLAlQjr3jGyLx+4Kkk58UO7D2QdgFIQCovuSuZESne6RG6XQ==}
    engines: {node: '>= 6.0.0'}

  agent-base@7.1.4:
    resolution: {integrity: sha512-MnA+YT8fwfJPgBx3m60MNqakm30XOkyIoH1y6huTQvC0PwZG7ki8NacLBcrPbNoo8vEZy7Jpuk7+jMO+CUovTQ==}
    engines: {node: '>= 14'}

  base64-arraybuffer@1.0.2:
    resolution: {integrity: sha512-I3yl4r9QB5ZRY3XuJVEPfc2XhZO6YweFPI+UovAzn+8/hb3oJ6lnysaFcjVpkCPfVWFUDvoZ8kmVDP7WyRtYtQ==}
    engines: {node: '>= 0.6.0'}

  bent@7.3.12:
    resolution: {integrity: sha512-T3yrKnVGB63zRuoco/7Ybl7BwwGZR0lceoVG5XmQyMIH9s19SV5m+a8qam4if0zQuAmOQTyPTPmsQBdAorGK3w==}

  bytesish@0.4.4:
    resolution: {integrity: sha512-i4uu6M4zuMUiyfZN4RU2+i9+peJh//pXhd9x1oSe1LBkZ3LEbCoygu8W0bXTukU1Jme2txKuotpCZRaC3FLxcQ==}

  caseless@0.12.0:
    resolution: {integrity: sha512-4tYFyifaFfGacoiObjJegolkwSU4xQNGbVgUiNYVUxbQ2x2lUsFvY4hVgVzGiIe6WLOPqycWXA40l+PWsxthUw==}

  copy-anything@3.0.5:
    resolution: {integrity: sha512-yCEafptTtb4bk7GLEQoM8KVJpxAfdBJYaXyzQEgQQQgYrZiDp8SJmGKlYza6CYjEDNstAdNdKA3UuoULlEbS6w==}
    engines: {node: '>=12.13'}

  debug@4.4.3:
    resolution: {integrity: sha512-RGwwWnwQvkVfavKVt22FGLw+xYSdzARwm0ru6DhTVA3umU5hZc28V3kO4stgYryrTlLpuvgI9GiijltAjNbcqA==}
    engines: {node: '>=6.0'}
    peerDependencies:
      supports-color: '*'
    peerDependenciesMeta:
      supports-color:
        optional: true

  detect-libc@2.1.2:
    resolution: {integrity: sha512-Btj2BOOO83o3WyH59e8MgXsxEQVcarkUOpEYrubB0urwnN10yQ364rsiByU11nZlqWYZm05i/of7io4mzihBtQ==}
    engines: {node: '>=8'}

  event-as-promise@2.0.1:
    resolution: {integrity: sha512-g0Wpfse1Gf9Pc8RLggBMti+LxHRmnHxGgv/lQeBlwL31xvFSjLS1ab8g9K5XrtSh8fcK8CHAV7h3zMgjg0LFBA==}

  event-target-shim@6.0.2:
    resolution: {integrity: sha512-8q3LsZjRezbFZ2PN+uP+Q7pnHUMmAOziU2vA2OwoFaKIXxlxl38IylhSSgUorWu/rf4er67w0ikBqjBFk/pomA==}
    engines: {node: '>=10.13.0'}

  fast-safe-stringify@2.1.1:
    resolution: {integrity: sha512-W+KJc2dmILlPplD/H4K9l9LcAHAfPtP6BY84uVLXQ6Evcz9Lcg33Y2z1IVblT6xdY54PXYVHEv+0Wpq8Io6zkA==}

  fdir@6.5.0:
    resolution: {integrity: sha512-tIbYtZbucOs0BRGqPJkshJUYdL+SDH7dVM8gjy+ERp3WAUjLEFJE+02kanyHtwjWOnwrKYBiwAmM0p4kLJAnXg==}
    engines: {node: '>=12.0.0'}
    peerDependencies:
      picomatch: ^3 || ^4
    peerDependenciesMeta:
      picomatch:
        optional: true

  fsevents@2.3.3:
    resolution: {integrity: sha512-5xoDfX+fL7faATnagmWPpbFtwh/R77WmMMqqHGS65C3vvB0YHrgF+B1YmZ3441tMj5n63k0212XNoJwzlhffQw==}
    engines: {node: ^8.16.0 || ^10.6.0 || >=11.0.0}
    os: [darwin]

  http-proxy-agent@7.0.2:
    resolution: {integrity: sha512-T1gkAiYYDWYx3V5Bmyu7HcfcvL7mUrTWiM6yOfa3PIphViJ/gFPbvidQ+veqSOHci/PxBcDabeUNCzpOODJZig==}
    engines: {node: '>= 14'}

  https-proxy-agent@4.0.0:
    resolution: {integrity: sha512-zoDhWrkR3of1l9QAL8/scJZyLu8j/gBkcwcaQOZh7Gyh/+uJQzGVETdgT30akuwkpL8HTRfssqI3BZuV18teDg==}
    engines: {node: '>= 6.0.0'}

  https-proxy-agent@7.0.6:
    resolution: {integrity: sha512-vK9P5/iUfdl95AI+JVyUuIcVtd4ofvtrOr3HNtM2yxC9bnMbEdp3x01OhQNnjb8IJYi38VlTE3mBXwcfvywuSw==}
    engines: {node: '>= 14'}

  is-stream@2.0.1:
    resolution: {integrity: sha512-hFoiJiTl63nn+kstHGBtewWSKnQLpyb155KHheA1l39uvtO9nWIop1p3udqPcUd/xbF1VLMO4n7OI6p7RbngDg==}
    engines: {node: '>=8'}

  is-what@4.1.16:
    resolution: {integrity: sha512-ZhMwEosbFJkA0YhFnNDgTM4ZxDRsS6HqTo7qsZM08fehyRYIYa0yHu5R6mgo1n/8MgaPBXiPimPD77baVFYg+A==}
    engines: {node: '>=12.13'}

  isomorphic-ws@5.0.0:
    resolution: {integrity: sha512-muId7Zzn9ywDsyXgTIafTry2sV3nySZeUDe6YedVd1Hvuuep5AsIlqK+XefWpYTyJG5e503F2xIuT2lcU6rCSw==}
    peerDependencies:
      ws: '*'

  lightningcss-android-arm64@1.32.0:
    resolution: {integrity: sha512-YK7/ClTt4kAK0vo6w3X+Pnm0D2cf2vPHbhOXdoNti1Ga0al1P4TBZhwjATvjNwLEBCnKvjJc2jQgHXH0NEwlAg==}
    engines: {node: '>= 12.0.0'}
    cpu: [arm64]
    os: [android]

  lightningcss-darwin-arm64@1.32.0:
    resolution: {integrity: sha512-RzeG9Ju5bag2Bv1/lwlVJvBE3q6TtXskdZLLCyfg5pt+HLz9BqlICO7LZM7VHNTTn/5PRhHFBSjk5lc4cmscPQ==}
    engines: {node: '>= 12.0.0'}
    cpu: [arm64]
    os: [darwin]

  lightningcss-darwin-x64@1.32.0:
    resolution: {integrity: sha512-U+QsBp2m/s2wqpUYT/6wnlagdZbtZdndSmut/NJqlCcMLTWp5muCrID+K5UJ6jqD2BFshejCYXniPDbNh73V8w==}
    engines: {node: '>= 12.0.0'}
    cpu: [x64]
    os: [darwin]

  lightningcss-freebsd-x64@1.32.0:
    resolution: {integrity: sha512-JCTigedEksZk3tHTTthnMdVfGf61Fky8Ji2E4YjUTEQX14xiy/lTzXnu1vwiZe3bYe0q+SpsSH/CTeDXK6WHig==}
    engines: {node: '>= 12.0.0'}
    cpu: [x64]
    os: [freebsd]

  lightningcss-linux-arm-gnueabihf@1.32.0:
    resolution: {integrity: sha512-x6rnnpRa2GL0zQOkt6rts3YDPzduLpWvwAF6EMhXFVZXD4tPrBkEFqzGowzCsIWsPjqSK+tyNEODUBXeeVHSkw==}
    engines: {node: '>= 12.0.0'}
    cpu: [arm]
    os: [linux]

  lightningcss-linux-arm64-gnu@1.32.0:
    resolution: {integrity: sha512-0nnMyoyOLRJXfbMOilaSRcLH3Jw5z9HDNGfT/gwCPgaDjnx0i8w7vBzFLFR1f6CMLKF8gVbebmkUN3fa/kQJpQ==}
    engines: {node: '>= 12.0.0'}
    cpu: [arm64]
    os: [linux]
    libc: [glibc]

  lightningcss-linux-arm64-musl@1.32.0:
    resolution: {integrity: sha512-UpQkoenr4UJEzgVIYpI80lDFvRmPVg6oqboNHfoH4CQIfNA+HOrZ7Mo7KZP02dC6LjghPQJeBsvXhJod/wnIBg==}
    engines: {node: '>= 12.0.0'}
    cpu: [arm64]
    os: [linux]
    libc: [musl]

  lightningcss-linux-x64-gnu@1.32.0:
    resolution: {integrity: sha512-V7Qr52IhZmdKPVr+Vtw8o+WLsQJYCTd8loIfpDaMRWGUZfBOYEJeyJIkqGIDMZPwPx24pUMfwSxxI8phr/MbOA==}
    engines: {node: '>= 12.0.0'}
    cpu: [x64]
    os: [linux]
    libc: [glibc]

  lightningcss-linux-x64-musl@1.32.0:
    resolution: {integrity: sha512-bYcLp+Vb0awsiXg/80uCRezCYHNg1/l3mt0gzHnWV9XP1W5sKa5/TCdGWaR/zBM2PeF/HbsQv/j2URNOiVuxWg==}
    engines: {node: '>= 12.0.0'}
    cpu: [x64]
    os: [linux]
    libc: [musl]

  lightningcss-win32-arm64-msvc@1.32.0:
    resolution: {integrity: sha512-8SbC8BR40pS6baCM8sbtYDSwEVQd4JlFTOlaD3gWGHfThTcABnNDBda6eTZeqbofalIJhFx0qKzgHJmcPTnGdw==}
    engines: {node: '>= 12.0.0'}
    cpu: [arm64]
    os: [win32]

  lightningcss-win32-x64-msvc@1.32.0:
    resolution: {integrity: sha512-Amq9B/SoZYdDi1kFrojnoqPLxYhQ4Wo5XiL8EVJrVsB8ARoC1PWW6VGtT0WKCemjy8aC+louJnjS7U18x3b06Q==}
    engines: {node: '>= 12.0.0'}
    cpu: [x64]
    os: [win32]

  lightningcss@1.32.0:
    resolution: {integrity: sha512-NXYBzinNrblfraPGyrbPoD19C1h9lfI/1mzgWYvXUTe414Gz/X1FD2XBZSZM7rRTrMA8JL3OtAaGifrIKhQ5yQ==}
    engines: {node: '>= 12.0.0'}

  memoize-one@6.0.0:
    resolution: {integrity: sha512-rkpe71W0N0c0Xz6QD0eJETuWAJGnJ9afsl1srmwPrI+yBCkge5EycXXbYRyvL29zZVUWQCY7InPRCv3GDXuZNw==}

  microsoft-cognitiveservices-speech-sdk@1.48.0:
    resolution: {integrity: sha512-D/8cZn0+vWE18PHloEXfeSHjxuCTYs1zjMulQ4EgpjIrLdtaqSqa9guDBXPnxFnnysWRnZZwyfM/uoiKZvEXXw==}

  ms@2.1.3:
    resolution: {integrity: sha512-6FlzubTLZG3J2a/NVCAleEhjzq5oxgHyaCU9yYXvcLsvoVaHJq/s5xXI6/XXP6tz7R9xAOtHnSO/tXtF3WRTlA==}

  nanoid@3.3.11:
    resolution: {integrity: sha512-N8SpfPUnUp1bK+PMYW8qSWdl9U+wwNWI4QKxOYDy9JAro3WMX7p2OeVRF9v+347pnakNevPmiHhNmZ2HbFA76w==}
    engines: {node: ^10 || ^12 || ^13.7 || ^14 || >=15.0.1}
    hasBin: true

  on-error-resume-next@2.0.3:
    resolution: {integrity: sha512-M/0RUYYlgKwoVhtdMNHSp//HxuqdAM5gDXtwitDfupoW+L773ZEitgqaYzZIuPFNZA3jf83bffkx4tm0QQxnuw==}

  partysocket@0.0.25:
    resolution: {integrity: sha512-1oCGA65fydX/FgdnsiBh68buOvfxuteoZVSb3Paci2kRp/7lhF0HyA8EDb5X/O6FxId1e+usPTQNRuzFEvkJbQ==}

  picocolors@1.1.1:
    resolution: {integrity: sha512-xceH2snhtb5M9liqDsmEw56le376mTZkEX/jEb/RxNFyegNul7eNslCXP9FDj/Lcu0X8KEyMceP2ntpaHrDEVA==}

  picomatch@4.0.3:
    resolution: {integrity: sha512-5gTmgEY/sqK6gFXLIsQNH19lWb4ebPDLA4SdLP7dsWkIXHWlG66oPuVvXSGFPppYZz8ZDZq0dYYrbHfBCVUb1Q==}
    engines: {node: '>=12'}

  postcss@8.5.8:
    resolution: {integrity: sha512-OW/rX8O/jXnm82Ey1k44pObPtdblfiuWnrd8X7GJ7emImCOstunGbXUpp7HdBrFQX6rJzn3sPT397Wp5aCwCHg==}
    engines: {node: ^10 || ^12 || >=14}

  reconnecting-eventsource@1.6.5:
    resolution: {integrity: sha512-L7ADnbp7yA42vvjwx7cZFNmiyHNBu/UldL1NCEvB23xBkZhESF83s2cnD9sLfvcX9wMIzW1UpIS7EOq/iu3E2g==}
    engines: {node: '>=12.0.0'}

  rolldown@1.0.0-rc.9:
    resolution: {integrity: sha512-9EbgWge7ZH+yqb4d2EnELAntgPTWbfL8ajiTW+SyhJEC4qhBbkCKbqFV4Ge4zmu5ziQuVbWxb/XwLZ+RIO7E8Q==}
    engines: {node: ^20.19.0 || >=22.12.0}
    hasBin: true

  safe-stable-stringify@2.5.0:
    resolution: {integrity: sha512-b3rppTKm9T+PsVCBEOUR46GWI7fdOs00VKZ1+9c1EWDaDMvjQc6tUwuFyIprgGgTcWoVHSKrU8H31ZHA2e0RHA==}
    engines: {node: '>=10'}

  simple-update-in@2.2.0:
    resolution: {integrity: sha512-FrW41lLiOs82jKxwq39UrE1HDAHOvirKWk4Nv8tqnFFFknVbTxcHZzDS4vt02qqdU/5+KNsQHWzhKHznDBmrww==}

  source-map-js@1.2.1:
    resolution: {integrity: sha512-UXWMKhLOwVKb728IUtQPXxfYU+usdybtUrK/8uGE8CQMvrhOpwvzDBwj0QhSL7MQc7vIsISBG8VQ8+IDQxpfQA==}
    engines: {node: '>=0.10.0'}

  speechstate@2.15.0:
    resolution: {integrity: sha512-HETMFlckMikCR/96/uIxRHs1Jx1AlEuDPi4+V2Rr9tIqvK42OxEtowUFSVj4ajNEdO/SWzuivOaAMBIjoY30rA==}

  superjson@1.13.3:
    resolution: {integrity: sha512-mJiVjfd2vokfDxsQPOwJ/PtanO87LhpYY88ubI5dUB1Ab58Txbyje3+jpm+/83R/fevaq/107NNhtYBLuoTrFg==}
    engines: {node: '>=10'}

  tinyglobby@0.2.15:
    resolution: {integrity: sha512-j2Zq4NyQYG5XMST4cbs02Ak8iJUdxRM0XI5QyxXuZOzKOINmWurp3smXu3y5wDcJrptwpSjgXHzIQxR0omXljQ==}
    engines: {node: '>=12.0.0'}

  tslib@2.8.1:
    resolution: {integrity: sha512-oJFu94HQb+KVduSUQL7wnpmqnfmLsOA/nAh6b6EH0wCEoK0/mPeXU6c3wKDV83MkOuHPRHtSXKKU99IBazS/2w==}

  typescript@5.9.3:
    resolution: {integrity: sha512-jl1vZzPDinLr9eUt3J/t7V6FgNEw9QjvBPdysz9KfQDD41fQrC2Y4vKQdiaUpFT4bXlb1RHhLpp8wtm6M5TgSw==}
    engines: {node: '>=14.17'}
    hasBin: true

  uuid@9.0.1:
    resolution: {integrity: sha512-b+1eJOlsR9K8HJpow9Ok3fiWOWSIcIzXodvv0rQjVoOVNpWMpxf1wZNpt4y9h10odCNrqnYp1OBzRktckBe3sA==}
    hasBin: true

  valibot@1.2.0:
    resolution: {integrity: sha512-mm1rxUsmOxzrwnX5arGS+U4T25RdvpPjPN4yR0u9pUBov9+zGVtO84tif1eY4r6zWxVxu3KzIyknJy3rxfRZZg==}
    peerDependencies:
      typescript: '>=5'
    peerDependenciesMeta:
      typescript:
        optional: true

  vite@8.0.0:
    resolution: {integrity: sha512-fPGaRNj9Zytaf8LEiBhY7Z6ijnFKdzU/+mL8EFBaKr7Vw1/FWcTBAMW0wLPJAGMPX38ZPVCVgLceWiEqeoqL2Q==}
    engines: {node: ^20.19.0 || >=22.12.0}
    hasBin: true
    peerDependencies:
      '@types/node': ^20.19.0 || >=22.12.0
      '@vitejs/devtools': ^0.0.0-alpha.31
      esbuild: ^0.27.0
      jiti: '>=1.21.0'
      less: ^4.0.0
      sass: ^1.70.0
      sass-embedded: ^1.70.0
      stylus: '>=0.54.8'
      sugarss: ^5.0.0
      terser: ^5.16.0
      tsx: ^4.8.1
      yaml: ^2.4.2
    peerDependenciesMeta:
      '@types/node':
        optional: true
      '@vitejs/devtools':
        optional: true
      esbuild:
        optional: true
      jiti:
        optional: true
      less:
        optional: true
      sass:
        optional: true
      sass-embedded:
        optional: true
      stylus:
        optional: true
      sugarss:
        optional: true
      terser:
        optional: true
      tsx:
        optional: true
      yaml:
        optional: true

  web-speech-cognitive-services@8.1.4:
    resolution: {integrity: sha512-1d/2F5RDAMTJmJdSWWssKzmTsA6hkXz4kz3QzBpDvgjxWjDo4j2erb6KydyfaRzDRk4Pij4MtR1CtpzZtU9rSA==}
    peerDependencies:
      microsoft-cognitiveservices-speech-sdk: ^1.17.0

  ws@8.19.0:
    resolution: {integrity: sha512-blAT2mjOEIi0ZzruJfIhb3nps74PRWTCz1IjglWEEpQl5XS/UNama6u2/rjFkDDouqr4L67ry+1aGIALViWjDg==}
    engines: {node: '>=10.0.0'}
    peerDependencies:
      bufferutil: ^4.0.1
      utf-8-validate: '>=5.0.2'
    peerDependenciesMeta:
      bufferutil:
        optional: true
      utf-8-validate:
        optional: true

  xstate@5.28.0:
    resolution: {integrity: sha512-Iaqq6ZrUzqeUtA3hC5LQKZfR8ZLzEFTImMHJM3jWEdVvXWdKvvVLXZEiNQWm3SCA9ZbEou/n5rcsna1wb9t28A==}

snapshots:

  '@azure/abort-controller@2.1.2':
    dependencies:
      tslib: 2.8.1

  '@azure/core-auth@1.10.1':
    dependencies:
      '@azure/abort-controller': 2.1.2
      '@azure/core-util': 1.13.1
      tslib: 2.8.1
    transitivePeerDependencies:
      - supports-color

  '@azure/core-util@1.13.1':
    dependencies:
      '@azure/abort-controller': 2.1.2
      '@typespec/ts-http-runtime': 0.3.4
      tslib: 2.8.1
    transitivePeerDependencies:
      - supports-color

  '@emnapi/core@1.9.0':
    dependencies:
      '@emnapi/wasi-threads': 1.2.0
      tslib: 2.8.1
    optional: true

  '@emnapi/runtime@1.9.0':
    dependencies:
      tslib: 2.8.1
    optional: true

  '@emnapi/wasi-threads@1.2.0':
    dependencies:
      tslib: 2.8.1
    optional: true

  '@napi-rs/wasm-runtime@1.1.1':
    dependencies:
      '@emnapi/core': 1.9.0
      '@emnapi/runtime': 1.9.0
      '@tybys/wasm-util': 0.10.1
    optional: true

  '@oxc-project/runtime@0.115.0': {}

  '@oxc-project/types@0.115.0': {}

  '@rolldown/binding-android-arm64@1.0.0-rc.9':
    optional: true

  '@rolldown/binding-darwin-arm64@1.0.0-rc.9':
    optional: true

  '@rolldown/binding-darwin-x64@1.0.0-rc.9':
    optional: true

  '@rolldown/binding-freebsd-x64@1.0.0-rc.9':
    optional: true

  '@rolldown/binding-linux-arm-gnueabihf@1.0.0-rc.9':
    optional: true

  '@rolldown/binding-linux-arm64-gnu@1.0.0-rc.9':
    optional: true

  '@rolldown/binding-linux-arm64-musl@1.0.0-rc.9':
    optional: true

  '@rolldown/binding-linux-ppc64-gnu@1.0.0-rc.9':
    optional: true

  '@rolldown/binding-linux-s390x-gnu@1.0.0-rc.9':
    optional: true

  '@rolldown/binding-linux-x64-gnu@1.0.0-rc.9':
    optional: true

  '@rolldown/binding-linux-x64-musl@1.0.0-rc.9':
    optional: true

  '@rolldown/binding-openharmony-arm64@1.0.0-rc.9':
    optional: true

  '@rolldown/binding-wasm32-wasi@1.0.0-rc.9':
    dependencies:
      '@napi-rs/wasm-runtime': 1.1.1
    optional: true

  '@rolldown/binding-win32-arm64-msvc@1.0.0-rc.9':
    optional: true

  '@rolldown/binding-win32-x64-msvc@1.0.0-rc.9':
    optional: true

  '@rolldown/pluginutils@1.0.0-rc.9': {}

  '@statelyai/inspect@0.4.0(ws@8.19.0)(xstate@5.28.0)':
    dependencies:
      fast-safe-stringify: 2.1.1
      isomorphic-ws: 5.0.0(ws@8.19.0)
      partysocket: 0.0.25
      safe-stable-stringify: 2.5.0
      superjson: 1.13.3
      uuid: 9.0.1
      xstate: 5.28.0
    transitivePeerDependencies:
      - ws

  '@tybys/wasm-util@0.10.1':
    dependencies:
      tslib: 2.8.1
    optional: true

  '@types/webrtc@0.0.37': {}

  '@typespec/ts-http-runtime@0.3.4':
    dependencies:
      http-proxy-agent: 7.0.2
      https-proxy-agent: 7.0.6
      tslib: 2.8.1
    transitivePeerDependencies:
      - supports-color

  agent-base@5.1.1: {}

  agent-base@6.0.2:
    dependencies:
      debug: 4.4.3
    transitivePeerDependencies:
      - supports-color

  agent-base@7.1.4: {}

  base64-arraybuffer@1.0.2: {}

  bent@7.3.12:
    dependencies:
      bytesish: 0.4.4
      caseless: 0.12.0
      is-stream: 2.0.1

  bytesish@0.4.4: {}

  caseless@0.12.0: {}

  copy-anything@3.0.5:
    dependencies:
      is-what: 4.1.16

  debug@4.4.3:
    dependencies:
      ms: 2.1.3

  detect-libc@2.1.2: {}

  event-as-promise@2.0.1: {}

  event-target-shim@6.0.2: {}

  fast-safe-stringify@2.1.1: {}

  fdir@6.5.0(picomatch@4.0.3):
    optionalDependencies:
      picomatch: 4.0.3

  fsevents@2.3.3:
    optional: true

  http-proxy-agent@7.0.2:
    dependencies:
      agent-base: 7.1.4
      debug: 4.4.3
    transitivePeerDependencies:
      - supports-color

  https-proxy-agent@4.0.0:
    dependencies:
      agent-base: 5.1.1
      debug: 4.4.3
    transitivePeerDependencies:
      - supports-color

  https-proxy-agent@7.0.6:
    dependencies:
      agent-base: 7.1.4
      debug: 4.4.3
    transitivePeerDependencies:
      - supports-color

  is-stream@2.0.1: {}

  is-what@4.1.16: {}

  isomorphic-ws@5.0.0(ws@8.19.0):
    dependencies:
      ws: 8.19.0

  lightningcss-android-arm64@1.32.0:
    optional: true

  lightningcss-darwin-arm64@1.32.0:
    optional: true

  lightningcss-darwin-x64@1.32.0:
    optional: true

  lightningcss-freebsd-x64@1.32.0:
    optional: true

  lightningcss-linux-arm-gnueabihf@1.32.0:
    optional: true

  lightningcss-linux-arm64-gnu@1.32.0:
    optional: true

  lightningcss-linux-arm64-musl@1.32.0:
    optional: true

  lightningcss-linux-x64-gnu@1.32.0:
    optional: true

  lightningcss-linux-x64-musl@1.32.0:
    optional: true

  lightningcss-win32-arm64-msvc@1.32.0:
    optional: true

  lightningcss-win32-x64-msvc@1.32.0:
    optional: true

  lightningcss@1.32.0:
    dependencies:
      detect-libc: 2.1.2
    optionalDependencies:
      lightningcss-android-arm64: 1.32.0
      lightningcss-darwin-arm64: 1.32.0
      lightningcss-darwin-x64: 1.32.0
      lightningcss-freebsd-x64: 1.32.0
      lightningcss-linux-arm-gnueabihf: 1.32.0
      lightningcss-linux-arm64-gnu: 1.32.0
      lightningcss-linux-arm64-musl: 1.32.0
      lightningcss-linux-x64-gnu: 1.32.0
      lightningcss-linux-x64-musl: 1.32.0
      lightningcss-win32-arm64-msvc: 1.32.0
      lightningcss-win32-x64-msvc: 1.32.0

  memoize-one@6.0.0: {}

  microsoft-cognitiveservices-speech-sdk@1.48.0:
    dependencies:
      '@azure/core-auth': 1.10.1
      '@types/webrtc': 0.0.37
      agent-base: 6.0.2
      bent: 7.3.12
      https-proxy-agent: 4.0.0
      uuid: 9.0.1
      ws: 8.19.0
    transitivePeerDependencies:
      - bufferutil
      - supports-color
      - utf-8-validate

  ms@2.1.3: {}

  nanoid@3.3.11: {}

  on-error-resume-next@2.0.3: {}

  partysocket@0.0.25:
    dependencies:
      event-target-shim: 6.0.2

  picocolors@1.1.1: {}

  picomatch@4.0.3: {}

  postcss@8.5.8:
    dependencies:
      nanoid: 3.3.11
      picocolors: 1.1.1
      source-map-js: 1.2.1

  reconnecting-eventsource@1.6.5: {}

  rolldown@1.0.0-rc.9:
    dependencies:
      '@oxc-project/types': 0.115.0
      '@rolldown/pluginutils': 1.0.0-rc.9
    optionalDependencies:
      '@rolldown/binding-android-arm64': 1.0.0-rc.9
      '@rolldown/binding-darwin-arm64': 1.0.0-rc.9
      '@rolldown/binding-darwin-x64': 1.0.0-rc.9
      '@rolldown/binding-freebsd-x64': 1.0.0-rc.9
      '@rolldown/binding-linux-arm-gnueabihf': 1.0.0-rc.9
      '@rolldown/binding-linux-arm64-gnu': 1.0.0-rc.9
      '@rolldown/binding-linux-arm64-musl': 1.0.0-rc.9
      '@rolldown/binding-linux-ppc64-gnu': 1.0.0-rc.9
      '@rolldown/binding-linux-s390x-gnu': 1.0.0-rc.9
      '@rolldown/binding-linux-x64-gnu': 1.0.0-rc.9
      '@rolldown/binding-linux-x64-musl': 1.0.0-rc.9
      '@rolldown/binding-openharmony-arm64': 1.0.0-rc.9
      '@rolldown/binding-wasm32-wasi': 1.0.0-rc.9
      '@rolldown/binding-win32-arm64-msvc': 1.0.0-rc.9
      '@rolldown/binding-win32-x64-msvc': 1.0.0-rc.9

  safe-stable-stringify@2.5.0: {}

  simple-update-in@2.2.0: {}

  source-map-js@1.2.1: {}

  speechstate@2.15.0(typescript@5.9.3):
    dependencies:
      microsoft-cognitiveservices-speech-sdk: 1.48.0
      reconnecting-eventsource: 1.6.5
      web-speech-cognitive-services: 8.1.4(microsoft-cognitiveservices-speech-sdk@1.48.0)(typescript@5.9.3)
      xstate: 5.28.0
    transitivePeerDependencies:
      - bufferutil
      - supports-color
      - typescript
      - utf-8-validate

  superjson@1.13.3:
    dependencies:
      copy-anything: 3.0.5

  tinyglobby@0.2.15:
    dependencies:
      fdir: 6.5.0(picomatch@4.0.3)
      picomatch: 4.0.3

  tslib@2.8.1: {}

  typescript@5.9.3: {}

  uuid@9.0.1: {}

  valibot@1.2.0(typescript@5.9.3):
    optionalDependencies:
      typescript: 5.9.3

  vite@8.0.0:
    dependencies:
      '@oxc-project/runtime': 0.115.0
      lightningcss: 1.32.0
      picomatch: 4.0.3
      postcss: 8.5.8
      rolldown: 1.0.0-rc.9
      tinyglobby: 0.2.15
    optionalDependencies:
      fsevents: 2.3.3

  web-speech-cognitive-services@8.1.4(microsoft-cognitiveservices-speech-sdk@1.48.0)(typescript@5.9.3):
    dependencies:
      base64-arraybuffer: 1.0.2
      event-as-promise: 2.0.1
      event-target-shim: 6.0.2
      memoize-one: 6.0.0
      microsoft-cognitiveservices-speech-sdk: 1.48.0
      on-error-resume-next: 2.0.3
      simple-update-in: 2.2.0
      valibot: 1.2.0(typescript@5.9.3)
    transitivePeerDependencies:
      - typescript

  ws@8.19.0: {}

  xstate@5.28.0: {}
